
Microsoft Visual Studio Solution File, Format Version 12.00
# Visual Studio 15
VisualStudioVersion = 15.0.26124.0
MinimumVisualStudioVersion = 15.0.26124.0
Project("{9A19103F-16F7-4668-BE54-9A1E7A4F7556}") = "JulioStore.tests", "JulioStore.Tests\JulioStore.tests.csproj", "{234B06B1-D060-41CC-B41C-909C33116A77}"
EndProject
Project("{9A19103F-16F7-4668-BE54-9A1E7A4F7556}") = "JulioStore.Domain", "JulioStore.Domain\JulioStore.Domain.csproj", "{9BDE58CA-1655-40C6-81CA-23C0FB5B3111}"
EndProject
Project("{9A19103F-16F7-4668-BE54-9A1E7A4F7556}") = "JulioStore.Infra", "JulioStore.Infra\JulioStore.Infra.csproj", "{A8C05CE3-8088-4118-87D2-856AA5E923A0}"
EndProject
Project("{9A19103F-16F7-4668-BE54-9A1E7A4F7556}") = "JulioStore.shared", "JulioStore.Shared\JulioStore.shared.csproj", "{55D6DACB-8CE6-4451-A61C-E8DF4145CD91}"
EndProject
Project("{FAE04EC0-301F-11D3-BF4B-00C04F79EFBC}") = "JulioStore.Api", "JulioStore.Api\JulioStore.Api.csproj", "{93E20407-8266-4FEA-8380-01DFDE1B7A0D}"
EndProject
Global
	GlobalSection(SolutionConfigurationPlatforms) = preSolution
		Debug|Any CPU = Debug|Any CPU
		Debug|x64 = Debug|x64
		Debug|x86 = Debug|x86
		Release|Any CPU = Release|Any CPU
		Release|x64 = Release|x64
		Release|x86 = Release|x86
	EndGlobalSection
	GlobalSection(ProjectConfigurationPlatforms) = postSolution
		{234B06B1-D060-41CC-B41C-909C33116A77}.Debug|Any CPU.ActiveCfg = Debug|Any CPU
		{234B06B1-D060-41CC-B41C-909C33116A77}.Debug|Any CPU.Build.0 = Debug|Any CPU
		{234B06B1-D060-41CC-B41C-909C33116A77}.Debug|x64.ActiveCfg = Debug|Any CPU
		{234B06B1-D060-41CC-B41C-909C33116A77}.Debug|x64.Build.0 = Debug|Any CPU
		{234B06B1-D060-41CC-B41C-909C33116A77}.Debug|x86.ActiveCfg = Debug|Any CPU
		{234B06B1-D060-41CC-B41C-909C33116A77}.Debug|x86.Build.0 = Debug|Any CPU
		{234B06B1-D060-41CC-B41C-909C33116A77}.Release|Any CPU.ActiveCfg = Release|Any CPU
		{234B06B1-D060-41CC-B41C-909C33116A77}.Release|Any CPU.Build.0 = Release|Any CPU
		{234B06B1-D060-41CC-B41C-909C33116A77}.Release|x64.ActiveCfg = Release|Any CPU
		{234B06B1-D060-41CC-B41C-909C33116A77}.Release|x64.Build.0 = Release|Any CPU
		{234B06B1-D060-41CC-B41C-909C33116A77}.Release|x86.ActiveCfg = Release|Any CPU
		{234B06B1-D060-41CC-B41C-909C33116A77}.Release|x86.Build.0 = Release|Any CPU
		{9BDE58CA-1655-40C6-81CA-23C0FB5B3111}.Debug|Any CPU.ActiveCfg = Debug|Any CPU
		{9BDE58CA-1655-40C6-81CA-23C0FB5B3111}.Debug|Any CPU.Build.0 = Debug|Any CPU
		{9BDE58CA-1655-40C6-81CA-23C0FB5B3111}.Debug|x64.ActiveCfg = Debug|Any CPU
		{9BDE58CA-1655-40C6-81CA-23C0FB5B3111}.Debug|x64.Build.0 = Debug|Any CPU
		{9BDE58CA-1655-40C6-81CA-23C0FB5B3111}.Debug|x86.ActiveCfg = Debug|Any CPU
		{9BDE58CA-1655-40C6-81CA-23C0FB5B3111}.Debug|x86.Build.0 = Debug|Any CPU
		{9BDE58CA-1655-40C6-81CA-23C0FB5B3111}.Release|Any CPU.ActiveCfg = Release|Any CPU
		{9BDE58CA-1655-40C6-81CA-23C0FB5B3111}.Release|Any CPU.Build.0 = Release|Any CPU
		{9BDE58CA-1655-40C6-81CA-23C0FB5B3111}.Release|x64.ActiveCfg = Release|Any CPU
		{9BDE58CA-1655-40C6-81CA-23C0FB5B3111}.Release|x64.Build.0 = Release|Any CPU
		{9BDE58CA-1655-40C6-81CA-23C0FB5B3111}.Release|x86.ActiveCfg = Release|Any CPU
		{9BDE58CA-1655-40C6-81CA-23C0FB5B3111}.Release|x86.Build.0 = Release|Any CPU
		{A8C05CE3-8088-4118-87D2-856AA5E923A0}.Debug|Any CPU.ActiveCfg = Debug|Any CPU
		{A8C05CE3-8088-4118-87D2-856AA5E923A0}.Debug|Any CPU.Build.0 = Debug|Any CPU
		{A8C05CE3-8088-4118-87D2-856AA5E923A0}.Debug|x64.ActiveCfg = Debug|Any CPU
		{A8C05CE3-8088-4118-87D2-856AA5E923A0}.Debug|x64.Build.0 = Debug|Any CPU
		{A8C05CE3-8088-4118-87D2-856AA5E923A0}.Debug|x86.ActiveCfg = Debug|Any CPU
		{A8C05CE3-8088-4118-87D2-856AA5E923A0}.Debug|x86.Build.0 = Debug|Any CPU
		{A8C05CE3-8088-4118-87D2-856AA5E923A0}.Release|Any CPU.ActiveCfg = Release|Any CPU
		{A8C05CE3-8088-4118-87D2-856AA5E923A0}.Release|Any CPU.Build.0 = Release|Any CPU
		{A8C05CE3-8088-4118-87D2-856AA5E923A0}.Release|x64.ActiveCfg = Release|Any CPU
		{A8C05CE3-8088-4118-87D2-856AA5E923A0}.Release|x64.Build.0 = Release|Any CPU
		{A8C05CE3-8088-4118-87D2-856AA5E923A0}.Release|x86.ActiveCfg = Release|Any CPU
		{A8C05CE3-8088-4118-87D2-856AA5E923A0}.Release|x86.Build.0 = Release|Any CPU
		{55D6DACB-8CE6-4451-A61C-E8DF4145CD91}.Debug|Any CPU.ActiveCfg = Debug|Any CPU
		{55D6DACB-8CE6-4451-A61C-E8DF4145CD91}.Debug|Any CPU.Build.0 = Debug|Any CPU
		{55D6DACB-8CE6-4451-A61C-E8DF4145CD91}.Debug|x64.ActiveCfg = Debug|Any CPU
		{55D6DACB-8CE6-4451-A61C-E8DF4145CD91}.Debug|x64.Build.0 = Debug|Any CPU
		{55D6DACB-8CE6-4451-A61C-E8DF4145CD91}.Debug|x86.ActiveCfg = Debug|Any CPU
		{55D6DACB-8CE6-4451-A61C-E8DF4145CD91}.Debug|x86.Build.0 = Debug|Any CPU
		{55D6DACB-8CE6-4451-A61C-E8DF4145CD91}.Release|Any CPU.ActiveCfg = Release|Any CPU
		{55D6DACB-8CE6-4451-A61C-E8DF4145CD91}.Release|Any CPU.Build.0 = Release|Any CPU
		{55D6DACB-8CE6-4451-A61C-E8DF4145CD91}.Release|x64.ActiveCfg = Release|Any CPU
		{55D6DACB-8CE6-4451-A61C-E8DF4145CD91}.Release|x64.Build.0 = Release|Any CPU
		{55D6DACB-8CE6-4451-A61C-E8DF4145CD91}.Release|x86.ActiveCfg = Release|Any CPU
		{55D6DACB-8CE6-4451-A61C-E8DF4145CD91}.Release|x86.Build.0 = Release|Any CPU
		{93E20407-8266-4FEA-8380-01DFDE1B7A0D}.Debug|Any CPU.ActiveCfg = Debug|Any CPU
		{93E20407-8266-4FEA-8380-01DFDE1B7A0D}.Debug|Any CPU.Build.0 = Debug|Any CPU
		{93E20407-8266-4FEA-8380-01DFDE1B7A0D}.Debug|x64.ActiveCfg = Debug|Any CPU
		{93E20407-8266-4FEA-8380-01DFDE1B7A0D}.Debug|x64.Build.0 = Debug|Any CPU
		{93E20407-8266-4FEA-8380-01DFDE1B7A0D}.Debug|x86.ActiveCfg = Debug|Any CPU
		{93E20407-8266-4FEA-8380-01DFDE1B7A0D}.Debug|x86.Build.0 = Debug|Any CPU
		{93E20407-8266-4FEA-8380-01DFDE1B7A0D}.Release|Any CPU.ActiveCfg = Release|Any CPU
		{93E20407-8266-4FEA-8380-01DFDE1B7A0D}.Release|Any CPU.Build.0 = Release|Any CPU
		{93E20407-8266-4FEA-8380-01DFDE1B7A0D}.Release|x64.ActiveCfg = Release|Any CPU
		{93E20407-8266-4FEA-8380-01DFDE1B7A0D}.Release|x64.Build.0 = Release|Any CPU
		{93E20407-8266-4FEA-8380-01DFDE1B7A0D}.Release|x86.ActiveCfg = Release|Any CPU
		{93E20407-8266-4FEA-8380-01DFDE1B7A0D}.Release|x86.Build.0 = Release|Any CPU
	EndGlobalSection
	GlobalSection(SolutionProperties) = preSolution
		HideSolutionNode = FALSE
	EndGlobalSection
	GlobalSection(ExtensibilityGlobals) = postSolution
		SolutionGuid = {6120F82F-1FE9-41F3-B852-DE7CA2AD9FC3}
	EndGlobalSection
EndGlobal
